
Microsoft Visual Studio Solution File, Format Version 12.00
# Visual Studio Version 17
VisualStudioVersion = 17.9.34723.18
MinimumVisualStudioVersion = 10.0.40219.1
Project("{FAE04EC0-301F-11D3-BF4B-00C04F79EFBC}") = "LoanCalculator", "LoanCalculator\LoanCalculator.csproj", "{AEA88F42-56B8-41D8-B650-031768DF444B}"
EndProject
Global
	GlobalSection(SolutionConfigurationPlatforms) = preSolution
		Debug|Any CPU = Debug|Any CPU
		Release|Any CPU = Release|Any CPU
	EndGlobalSection
	GlobalSection(ProjectConfigurationPlatforms) = postSolution
		{AEA88F42-56B8-41D8-B650-031768DF444B}.Debug|Any CPU.ActiveCfg = Debug|Any CPU
		{AEA88F42-56B8-41D8-B650-031768DF444B}.Debug|Any CPU.Build.0 = Debug|Any CPU
		{AEA88F42-56B8-41D8-B650-031768DF444B}.Release|Any CPU.ActiveCfg = Release|Any CPU
		{AEA88F42-56B8-41D8-B650-031768DF444B}.Release|Any CPU.Build.0 = Release|Any CPU
	EndGlobalSection
	GlobalSection(SolutionProperties) = preSolution
		HideSolutionNode = FALSE
	EndGlobalSection
	GlobalSection(ExtensibilityGlobals) = postSolution
		SolutionGuid = {5C84FF91-466C-44FB-B9D2-EBDF9DC5201D}
	EndGlobalSection
EndGlobal
